{
  "requires": true,
  "lockfileVersion": 1,
  "dependencies": {
    "test-look-look": {
      "version": "1.0.0",
      "resolved": "https://registry.npmjs.org/test-look-look/-/test-look-look-1.0.0.tgz",
      "integrity": "sha512-4UtkW7D8zQvJTgwI67dFl4AQtGl/O3NwsG4F9pBM2fO5ZbhV1x5yj3T6+WuqDz8zngJ9KLICtDEwIr/QWNFqNw=="
    }
  }
}
